
Microsoft Visual Studio Solution File, Format Version 12.00
# Visual Studio Version 17
VisualStudioVersion = 17.0.31903.59
MinimumVisualStudioVersion = 10.0.40219.1
Project("{FAE04EC0-301F-11D3-BF4B-00C04F79EFBC}") = "PrimeSpeedTest.CLI", "PrimeSpeedTest.CLI\PrimeSpeedTest.CLI.csproj", "{CB5D65C5-7FC0-44A4-9AEC-CD2686A18DCF}"
EndProject
Global
	GlobalSection(SolutionConfigurationPlatforms) = preSolution
		Debug|Any CPU = Debug|Any CPU
		Release|Any CPU = Release|Any CPU
	EndGlobalSection
	GlobalSection(ProjectConfigurationPlatforms) = postSolution
		{CB5D65C5-7FC0-44A4-9AEC-CD2686A18DCF}.Debug|Any CPU.ActiveCfg = Debug|Any CPU
		{CB5D65C5-7FC0-44A4-9AEC-CD2686A18DCF}.Debug|Any CPU.Build.0 = Debug|Any CPU
		{CB5D65C5-7FC0-44A4-9AEC-CD2686A18DCF}.Release|Any CPU.ActiveCfg = Release|Any CPU
		{CB5D65C5-7FC0-44A4-9AEC-CD2686A18DCF}.Release|Any CPU.Build.0 = Release|Any CPU
	EndGlobalSection
	GlobalSection(SolutionProperties) = preSolution
		HideSolutionNode = FALSE
	EndGlobalSection
	GlobalSection(ExtensibilityGlobals) = postSolution
		SolutionGuid = {CD0EF80E-B6C6-4D9D-A613-06E0824B78A9}
	EndGlobalSection
EndGlobal
